
Microsoft Visual Studio Solution File, Format Version 12.00
# Visual Studio Version 17
VisualStudioVersion = 17.5.33502.453
MinimumVisualStudioVersion = 10.0.40219.1
Project("{FAE04EC0-301F-11D3-BF4B-00C04F79EFBC}") = "mini_proyek", "mini_proyek\mini_proyek.csproj", "{6862AFD6-5968-4A98-98F9-6F300746D0FA}"
EndProject
Global
	GlobalSection(SolutionConfigurationPlatforms) = preSolution
		Debug|Any CPU = Debug|Any CPU
		Release|Any CPU = Release|Any CPU
	EndGlobalSection
	GlobalSection(ProjectConfigurationPlatforms) = postSolution
		{6862AFD6-5968-4A98-98F9-6F300746D0FA}.Debug|Any CPU.ActiveCfg = Debug|Any CPU
		{6862AFD6-5968-4A98-98F9-6F300746D0FA}.Debug|Any CPU.Build.0 = Debug|Any CPU
		{6862AFD6-5968-4A98-98F9-6F300746D0FA}.Release|Any CPU.ActiveCfg = Release|Any CPU
		{6862AFD6-5968-4A98-98F9-6F300746D0FA}.Release|Any CPU.Build.0 = Release|Any CPU
	EndGlobalSection
	GlobalSection(SolutionProperties) = preSolution
		HideSolutionNode = FALSE
	EndGlobalSection
	GlobalSection(ExtensibilityGlobals) = postSolution
		SolutionGuid = {0D6C943F-047D-471F-8B9C-B19B6F5013BB}
	EndGlobalSection
EndGlobal
